# THIS IS AN AUTOGENERATED FILE. DO NOT EDIT THIS FILE DIRECTLY.
# yarn lockfile v1


"@emotion/hash@^0.7.1":
  version "0.7.1"
  resolved "https://registry.yarnpkg.com/@emotion/hash/-/hash-0.7.1.tgz#9833722341379fb7d67f06a4b00ab3c37913da53"
  integrity sha512-OYpa/Sg+2GDX+jibUfpZVn1YqSVRpYmTLF2eyAfrFTIJSbwyIrc+YscayoykvaOME/wV4BV0Sa0yqdMrgse6mA==

"@types/estree@0.0.39":
  version "0.0.39"
  resolved "https://registry.yarnpkg.com/@types/estree/-/estree-0.0.39.tgz#e177e699ee1b8c22d23174caaa7422644389509f"
  integrity sha512-EYNwp3bU+98cpU4lAWYYL7Zz+2gryWH1qbdDTidVd6hkiR6weksdbMadyXKXNPEkQFhXM+hVO9ZygomHXp+AIw==

"@types/node@^12.0.3":
  version "12.0.3"
  resolved "https://registry.yarnpkg.com/@types/node/-/node-12.0.3.tgz#5d8d24e0033fc6393efadc85cb59c1f638095c9a"
  integrity sha512-zkOxCS/fA+3SsdA+9Yun0iANxzhQRiNwTvJSr6N95JhuJ/x27z9G2URx1Jpt3zYFfCGUXZGL5UDxt5eyLE7wgw==

acorn@^6.1.1:
  version "6.4.1"
  resolved "https://registry.yarnpkg.com/acorn/-/acorn-6.4.1.tgz#531e58ba3f51b9dacb9a6646ca4debf5b14ca474"
  integrity sha512-ZVA9k326Nwrj3Cj9jlh3wGFutC2ZornPNARZwsNYqQYgN0EsV2d53w5RN/co65Ohn4sUAUtb1rSUAOD6XN9idA==

rollup@^1.12.5:
  version "1.12.5"
  resolved "https://registry.yarnpkg.com/rollup/-/rollup-1.12.5.tgz#11840535a2bc3591e95583c111d55fdf795e55c8"
  integrity sha512-XF5YdpeKX4ueGpBCW07AxPJJHu7SHaobYzu2lZnMPX908Ely2LZF0a0EQPgb+iVy5kP4cb4QT3nXIAnyAxpL3A==
  dependencies:
    "@types/estree" "0.0.39"
    "@types/node" "^12.0.3"
    acorn "^6.1.1"

stylis@^3.5.4:
  version "3.5.4"
  resolved "https://registry.yarnpkg.com/stylis/-/stylis-3.5.4.tgz#f665f25f5e299cf3d64654ab949a57c768b73fbe"
  integrity sha512-8/3pSmthWM7lsPBKv7NXkzn2Uc9W7NotcwGNpJaa3k7WMM1XDCA4MgT5k/8BIexd5ydZdboXtU90XH9Ec4Bv/Q==
